{
  "version": 4,
  "terraform_version": "1.13.4",
  "serial": 109,
  "lineage": "097a5193-0484-2cc2-af12-841e240c856a",
  "outputs": {
    "hostname": {
      "value": [
        "ec2-13-212-33-60.ap-southeast-1.compute.amazonaws.com"
      ],
      "type": [
        "tuple",
        [
          "string"
        ]
      ]
    },
    "ip": {
      "value": [
        "13.212.33.60"
      ],
      "type": [
        "tuple",
        [
          "string"
        ]
      ]
    },
    "rds-db": {
      "value": "devopsdemo",
      "type": "string"
    },
    "rds_endpoint": {
      "value": "devopsdemo-db.cr66i2mo0gqi.ap-southeast-1.rds.amazonaws.com:3306",
      "type": "string"
    },
    "rds_engine": {
      "value": "mysql",
      "type": "string"
    },
    "ssh_key": {
      "value": [
        "terraform"
      ],
      "type": [
        "tuple",
        [
          "string"
        ]
      ]
    }
  },
  "resources": [
    {
      "mode": "data",
      "type": "aws_db_instance",
      "name": "database",
      "provider": "provider[\"registry.terraform.io/hashicorp/aws\"].singapore",
      "instances": [
        {
          "schema_version": 0,
          "attributes": {
            "address": "devopsdemo-db.cr66i2mo0gqi.ap-southeast-1.rds.amazonaws.com",
            "allocated_storage": 20,
            "auto_minor_version_upgrade": true,
            "availability_zone": "ap-southeast-1a",
            "backup_retention_period": 0,
            "ca_cert_identifier": "rds-ca-rsa2048-g1",
            "database_insights_mode": "standard",
            "db_cluster_identifier": "",
            "db_instance_arn": "arn:aws:rds:ap-southeast-1:033481624720:db:devopsdemo-db",
            "db_instance_class": "db.t4g.micro",
            "db_instance_identifier": "devopsdemo-db",
            "db_instance_port": 0,
            "db_name": "devopsdemo",
            "db_parameter_groups": [
              "default.mysql8.4"
            ],
            "db_subnet_group": "default-vpc-0addce21df6d6478a",
            "enabled_cloudwatch_logs_exports": [],
            "endpoint": "devopsdemo-db.cr66i2mo0gqi.ap-southeast-1.rds.amazonaws.com:3306",
            "engine": "mysql",
            "engine_version": "8.4.7",
            "hosted_zone_id": "Z2G0U3KFCY8NZ5",
            "id": "devopsdemo-db",
            "iops": 0,
            "kms_key_id": "",
            "license_model": "general-public-license",
            "master_user_secret": null,
            "master_username": "admin",
            "max_allocated_storage": 1000,
            "monitoring_interval": 0,
            "monitoring_role_arn": "",
            "multi_az": false,
            "network_type": "IPV4",
            "option_group_memberships": [
              "default:mysql-8-4"
            ],
            "port": 3306,
            "preferred_backup_window": "21:09-21:39",
            "preferred_maintenance_window": "fri:15:08-fri:15:38",
            "publicly_accessible": true,
            "region": "ap-southeast-1",
            "replicate_source_db": "",
            "resource_id": "db-X2YQ4X2BSGISEFSUDL2G3K6GYM",
            "storage_encrypted": false,
            "storage_throughput": 0,
            "storage_type": "gp2",
            "tags": {},
            "timezone": "",
            "vpc_security_groups": [
              "sg-0d440b789bf4bd0bf"
            ]
          },
          "sensitive_attributes": [],
          "identity_schema_version": 0
        }
      ]
    },
    {
      "mode": "managed",
      "type": "aws_instance",
      "name": "frontend",
      "provider": "provider[\"registry.terraform.io/hashicorp/aws\"].singapore",
      "instances": [
        {
          "index_key": 0,
          "schema_version": 2,
          "attributes": {
            "ami": "ami-0933f1385008d33c4",
            "arn": "arn:aws:ec2:ap-southeast-1:033481624720:instance/i-0b1f4b74c16d31a04",
            "associate_public_ip_address": true,
            "availability_zone": "ap-southeast-1a",
            "capacity_reservation_specification": [
              {
                "capacity_reservation_preference": "open",
                "capacity_reservation_target": []
              }
            ],
            "cpu_options": [
              {
                "amd_sev_snp": "",
                "core_count": 1,
                "threads_per_core": 2
              }
            ],
            "credit_specification": [
              {
                "cpu_credits": "unlimited"
              }
            ],
            "disable_api_stop": false,
            "disable_api_termination": false,
            "ebs_block_device": [],
            "ebs_optimized": false,
            "enable_primary_ipv6": null,
            "enclave_options": [
              {
                "enabled": false
              }
            ],
            "ephemeral_block_device": [],
            "force_destroy": false,
            "get_password_data": false,
            "hibernation": false,
            "host_id": "",
            "host_resource_group_arn": null,
            "iam_instance_profile": "",
            "id": "i-0b1f4b74c16d31a04",
            "instance_initiated_shutdown_behavior": "stop",
            "instance_lifecycle": "",
            "instance_market_options": [],
            "instance_state": "running",
            "instance_type": "t3.micro",
            "ipv6_address_count": 0,
            "ipv6_addresses": [],
            "key_name": "terraform",
            "launch_template": [],
            "maintenance_options": [
              {
                "auto_recovery": "default"
              }
            ],
            "metadata_options": [
              {
                "http_endpoint": "enabled",
                "http_protocol_ipv6": "disabled",
                "http_put_response_hop_limit": 2,
                "http_tokens": "required",
                "instance_metadata_tags": "disabled"
              }
            ],
            "monitoring": false,
            "network_interface": [],
            "outpost_arn": "",
            "password_data": "",
            "placement_group": "",
            "placement_group_id": "",
            "placement_partition_number": 0,
            "primary_network_interface": [
              {
                "delete_on_termination": true,
                "network_interface_id": "eni-0e5dba159a4d62f06"
              }
            ],
            "primary_network_interface_id": "eni-0e5dba159a4d62f06",
            "private_dns": "ip-172-31-47-158.ap-southeast-1.compute.internal",
            "private_dns_name_options": [
              {
                "enable_resource_name_dns_a_record": false,
                "enable_resource_name_dns_aaaa_record": false,
                "hostname_type": "ip-name"
              }
            ],
            "private_ip": "172.31.47.158",
            "public_dns": "ec2-13-212-33-60.ap-southeast-1.compute.amazonaws.com",
            "public_ip": "13.212.33.60",
            "region": "ap-southeast-1",
            "root_block_device": [
              {
                "delete_on_termination": true,
                "device_name": "/dev/sda1",
                "encrypted": false,
                "iops": 3000,
                "kms_key_id": "",
                "tags": {},
                "tags_all": {},
                "throughput": 125,
                "volume_id": "vol-081a954a8f9fb459a",
                "volume_size": 8,
                "volume_type": "gp3"
              }
            ],
            "secondary_private_ips": [],
            "security_groups": [
              "frontend"
            ],
            "source_dest_check": true,
            "spot_instance_request_id": "",
            "subnet_id": "subnet-0b0ae701b2dfd9f77",
            "tags": {
              "App": "devops-demo",
              "Maintainer": "joshua",
              "Name": "tf-frontend-01",
              "Role": "frontend"
            },
            "tags_all": {
              "App": "devops-demo",
              "Maintainer": "joshua",
              "Name": "tf-frontend-01",
              "Role": "frontend"
            },
            "tenancy": "default",
            "timeouts": {
              "create": "7m",
              "delete": "1h",
              "read": null,
              "update": null
            },
            "user_data": null,
            "user_data_base64": null,
            "user_data_replace_on_change": false,
            "volume_tags": null,
            "vpc_security_group_ids": [
              "sg-0402c1a1655461ca3"
            ]
          },
          "sensitive_attributes": [],
          "identity_schema_version": 0,
          "identity": {
            "account_id": "033481624720",
            "id": "i-0b1f4b74c16d31a04",
            "region": "ap-southeast-1"
          },
          "private": "eyJlMmJmYjczMC1lY2FhLTExZTYtOGY4OC0zNDM2M2JjN2M0YzAiOnsiY3JlYXRlIjo0MjAwMDAwMDAwMDAsImRlbGV0ZSI6MzYwMDAwMDAwMDAwMCwicmVhZCI6OTAwMDAwMDAwMDAwLCJ1cGRhdGUiOjYwMDAwMDAwMDAwMH0sInNjaGVtYV92ZXJzaW9uIjoiMiJ9",
          "dependencies": [
            "aws_key_pair.terraform",
            "aws_security_group.frontend"
          ]
        }
      ]
    },
    {
      "mode": "managed",
      "type": "aws_key_pair",
      "name": "terraform",
      "provider": "provider[\"registry.terraform.io/hashicorp/aws\"].singapore",
      "instances": [
        {
          "schema_version": 1,
          "attributes": {
            "arn": "arn:aws:ec2:ap-southeast-1:033481624720:key-pair/terraform",
            "fingerprint": "e1:e4:7f:ed:e5:b0:cd:f8:77:c8:cf:07:c7:6f:22:59",
            "id": "terraform",
            "key_name": "terraform",
            "key_name_prefix": "",
            "key_pair_id": "key-072940e68efd42e33",
            "key_type": "rsa",
            "public_key": "ssh-rsa AAAAB3NzaC1yc2EAAAADAQABAAABgQDdEffxqS3RQQMR0YyQLKWnAQEEc1ThySJWYUhLf7mhXMcgE9dpkAAV6dtNyhrobYHAD2sOh52EG95j6BnjEJXln5Td1053H8se9T2vTxyrnjNmCs0EHyPg5FCIH32YLVZ2iU/iiWaom+1+pf418ouO1HO+lbOi0jwjmUQ+zLxbYxOs1vGCtN3bzzF6tqOPgjOCX7dNr5IySCreshVZbka7IdQFDbHaoqC2HvXJ371asw7W3CbOF9Frn59orCaRneZduKo5LF7EOtx/8QkCRrueNZOAa/RakqlKbb4KfmwAbcAV9JqcWDc63wETv71+oXWLK+rlcJ3jF338hCNLGBkjY54+wMzQWaqdpvRKxOPd2KjcpaCVqZQ2D0L9pUMSbX7UtCBNM5Iczgp2kquVHWgCONrvPC+dKxxPbRVKV05hk3FfZ3qDtTHTL5HDTu1tdGJXYbWhrrcJxmnqQ3cZ92fdxy3CQ6fsr/Kwg6EoKnKwNu6gm9xqQDg809j/gO98+0M= joshua@gbriel-DESKTOP-UV4ETAU",
            "region": "ap-southeast-1",
            "tags": {},
            "tags_all": {}
          },
          "sensitive_attributes": [],
          "identity_schema_version": 0,
          "private": "eyJzY2hlbWFfdmVyc2lvbiI6IjEifQ=="
        }
      ]
    },
    {
      "mode": "managed",
      "type": "aws_security_group",
      "name": "frontend",
      "provider": "provider[\"registry.terraform.io/hashicorp/aws\"].singapore",
      "instances": [
        {
          "schema_version": 1,
          "attributes": {
            "arn": "arn:aws:ec2:ap-southeast-1:033481624720:security-group/sg-0402c1a1655461ca3",
            "description": "security config for frontend",
            "egress": [
              {
                "cidr_blocks": [
                  "0.0.0.0/0"
                ],
                "description": "allow all out going connections",
                "from_port": 0,
                "ipv6_cidr_blocks": [],
                "prefix_list_ids": [],
                "protocol": "-1",
                "security_groups": [],
                "self": false,
                "to_port": 0
              }
            ],
            "id": "sg-0402c1a1655461ca3",
            "ingress": [
              {
                "cidr_blocks": [
                  "0.0.0.0/0"
                ],
                "description": "open to all port",
                "from_port": 22,
                "ipv6_cidr_blocks": [],
                "prefix_list_ids": [],
                "protocol": "tcp",
                "security_groups": [],
                "self": false,
                "to_port": 22
              },
              {
                "cidr_blocks": [
                  "0.0.0.0/0"
                ],
                "description": "open to http traffic",
                "from_port": 80,
                "ipv6_cidr_blocks": [],
                "prefix_list_ids": [],
                "protocol": "tcp",
                "security_groups": [],
                "self": false,
                "to_port": 80
              }
            ],
            "name": "frontend",
            "name_prefix": "",
            "owner_id": "033481624720",
            "region": "ap-southeast-1",
            "revoke_rules_on_delete": false,
            "tags": {
              "app": "devops-demo",
              "role": "frontend"
            },
            "tags_all": {
              "app": "devops-demo",
              "role": "frontend"
            },
            "timeouts": null,
            "vpc_id": "vpc-0addce21df6d6478a"
          },
          "sensitive_attributes": [],
          "identity_schema_version": 0,
          "identity": {
            "account_id": "033481624720",
            "id": "sg-0402c1a1655461ca3",
            "region": "ap-southeast-1"
          },
          "private": "eyJlMmJmYjczMC1lY2FhLTExZTYtOGY4OC0zNDM2M2JjN2M0YzAiOnsiY3JlYXRlIjo2MDAwMDAwMDAwMDAsImRlbGV0ZSI6OTAwMDAwMDAwMDAwfSwic2NoZW1hX3ZlcnNpb24iOiIxIn0="
        }
      ]
    },
    {
      "mode": "managed",
      "type": "null_resource",
      "name": "populate_db_01",
      "provider": "provider[\"registry.terraform.io/hashicorp/null\"]",
      "instances": [
        {
          "schema_version": 0,
          "attributes": {
            "id": "546339508290752178",
            "triggers": null
          },
          "sensitive_attributes": [],
          "identity_schema_version": 0,
          "dependencies": [
            "aws_instance.frontend",
            "aws_key_pair.terraform",
            "aws_security_group.frontend",
            "data.aws_db_instance.database"
          ]
        }
      ]
    }
  ],
  "check_results": null
}
